Microsoft Visual Studio Solution File, Format Version 11.00
# Visual Studio 2008

Project("{882CF4E2-6D0A-73C7-904E-6F89A6B8DFEE}") = "TD3Dv0.1", "Assembly-CSharp-firstpass.csproj", "{20E16352-BF6A-EFC8-AB54-6070922420B2}"
EndProject
Project("{882CF4E2-6D0A-73C7-904E-6F89A6B8DFEE}") = "TD3Dv0.1", "Assembly-CSharp.csproj", "{FAC37DC1-64D6-4817-51A4-CF5C547C5FD4}"
EndProject
Project("{882CF4E2-6D0A-73C7-904E-6F89A6B8DFEE}") = "TD3Dv0.1", "Assembly-UnityScript-firstpass.unityproj", "{9ACB3DF2-5B82-3F54-449A-F4CA55732132}"
EndProject
Global
	GlobalSection(SolutionConfigurationPlatforms) = preSolution
		Debug|Any CPU = Debug|Any CPU
		Release|Any CPU = Release|Any CPU
	EndGlobalSection
	GlobalSection(ProjectConfigurationPlatforms) = postSolution
		{20E16352-BF6A-EFC8-AB54-6070922420B2}.Debug|Any CPU.ActiveCfg = Debug|Any CPU
		{20E16352-BF6A-EFC8-AB54-6070922420B2}.Debug|Any CPU.Build.0 = Debug|Any CPU
		{20E16352-BF6A-EFC8-AB54-6070922420B2}.Release|Any CPU.ActiveCfg = Release|Any CPU
		{20E16352-BF6A-EFC8-AB54-6070922420B2}.Release|Any CPU.Build.0 = Release|Any CPU
		{FAC37DC1-64D6-4817-51A4-CF5C547C5FD4}.Debug|Any CPU.ActiveCfg = Debug|Any CPU
		{FAC37DC1-64D6-4817-51A4-CF5C547C5FD4}.Debug|Any CPU.Build.0 = Debug|Any CPU
		{FAC37DC1-64D6-4817-51A4-CF5C547C5FD4}.Release|Any CPU.ActiveCfg = Release|Any CPU
		{FAC37DC1-64D6-4817-51A4-CF5C547C5FD4}.Release|Any CPU.Build.0 = Release|Any CPU
		{9ACB3DF2-5B82-3F54-449A-F4CA55732132}.Debug|Any CPU.ActiveCfg = Debug|Any CPU
		{9ACB3DF2-5B82-3F54-449A-F4CA55732132}.Debug|Any CPU.Build.0 = Debug|Any CPU
		{9ACB3DF2-5B82-3F54-449A-F4CA55732132}.Release|Any CPU.ActiveCfg = Release|Any CPU
		{9ACB3DF2-5B82-3F54-449A-F4CA55732132}.Release|Any CPU.Build.0 = Release|Any CPU
	EndGlobalSection
	GlobalSection(SolutionProperties) = preSolution
		HideSolutionNode = FALSE
	EndGlobalSection
										GlobalSection(MonoDevelopProperties) = preSolution
		StartupItem = Assembly-CSharp.csproj
		Policies = $0
		$0.TextStylePolicy = $1
		$1.inheritsSet = null
		$1.scope = text/x-csharp
		$0.CSharpFormattingPolicy = $2
		$2.inheritsSet = Mono
		$2.inheritsScope = text/x-csharp
		$2.scope = text/x-csharp
		$0.TextStylePolicy = $3
		$3.FileWidth = 120
		$3.TabWidth = 4
		$3.EolMarker = Unix
		$3.inheritsSet = Mono
		$3.inheritsScope = text/plain
		$3.scope = text/plain
	EndGlobalSection

EndGlobal
